// !$*UTF8*$!
{
	archiveVersion = 1;
	classes = {
	};
	objectVersion = 46;
	objects = {

/* Begin PBXBuildFile section */
		9D0194671C18853C00BC9BB7 /* PhysiqueArrets.swift in Sources */ = {isa = PBXBuildFile; fileRef = 9D0194661C18853C00BC9BB7 /* PhysiqueArrets.swift */; };
		9D0194691C18941A00BC9BB7 /* SwiftSpinner.swift in Sources */ = {isa = PBXBuildFile; fileRef = 9D0194681C18941900BC9BB7 /* SwiftSpinner.swift */; };
		9D0896821C0EF0B500364E2D /* LaunchScreen.storyboard in Resources */ = {isa = PBXBuildFile; fileRef = 9D0896811C0EF0B500364E2D /* LaunchScreen.storyboard */; };
		9D3B24CF1C18214A00AC8AEE /* Depart.swift in Sources */ = {isa = PBXBuildFile; fileRef = 9D3B24CE1C18214A00AC8AEE /* Depart.swift */; };
		9D3B24D11C1826F100AC8AEE /* DepartTableViewCell.swift in Sources */ = {isa = PBXBuildFile; fileRef = 9D3B24D01C1826F100AC8AEE /* DepartTableViewCell.swift */; };
		9D53F7D21C05C0B400DD8D51 /* Arrets.swift in Sources */ = {isa = PBXBuildFile; fileRef = 9D53F7D11C05C0B400DD8D51 /* Arrets.swift */; };
		9D58FB481BD2579C00B2ACCC /* AppDelegate.swift in Sources */ = {isa = PBXBuildFile; fileRef = 9D58FB471BD2579C00B2ACCC /* AppDelegate.swift */; };
		9D58FB4F1BD2579C00B2ACCC /* Main.storyboard in Resources */ = {isa = PBXBuildFile; fileRef = 9D58FB4D1BD2579C00B2ACCC /* Main.storyboard */; };
		9D58FB511BD2579C00B2ACCC /* Assets.xcassets in Resources */ = {isa = PBXBuildFile; fileRef = 9D58FB501BD2579C00B2ACCC /* Assets.xcassets */; };
		9D58FB5F1BD2579C00B2ACCC /* NoctambusTests.swift in Sources */ = {isa = PBXBuildFile; fileRef = 9D58FB5E1BD2579C00B2ACCC /* NoctambusTests.swift */; };
		9D597BF31C185AFD008DB276 /* ArretLocalisationViewController.swift in Sources */ = {isa = PBXBuildFile; fileRef = 9D597BF21C185AFD008DB276 /* ArretLocalisationViewController.swift */; };
		9D87A9951C0F09BE007A425F /* DepartTableViewController.swift in Sources */ = {isa = PBXBuildFile; fileRef = 9D87A9941C0F09BE007A425F /* DepartTableViewController.swift */; };
		9D96D0B01C060EE5006C92CF /* ArretViewController.swift in Sources */ = {isa = PBXBuildFile; fileRef = 9D96D0AF1C060EE5006C92CF /* ArretViewController.swift */; };
		9D96D0B21C060FD8006C92CF /* ArretsTableViewCell.swift in Sources */ = {isa = PBXBuildFile; fileRef = 9D96D0B11C060FD8006C92CF /* ArretsTableViewCell.swift */; };
		9DCCD82B1C18332400747E0E /* DepartTableViewCellLogo.swift in Sources */ = {isa = PBXBuildFile; fileRef = 9DCCD82A1C18332400747E0E /* DepartTableViewCellLogo.swift */; };
		9DEE6AA61BD275A7002FF393 /* Tickets.swift in Sources */ = {isa = PBXBuildFile; fileRef = 9DEE6AA51BD275A7002FF393 /* Tickets.swift */; };
		9DEE6AA81BD277BE002FF393 /* TicketsTableViewCell.swift in Sources */ = {isa = PBXBuildFile; fileRef = 9DEE6AA71BD277BE002FF393 /* TicketsTableViewCell.swift */; };
		9DEE6AAA1BD279DC002FF393 /* TicketsTableViewController.swift in Sources */ = {isa = PBXBuildFile; fileRef = 9DEE6AA91BD279DC002FF393 /* TicketsTableViewController.swift */; };
		9DF5317F1C2967D3008954CB /* Reach.swift in Sources */ = {isa = PBXBuildFile; fileRef = 9DF5317E1C2967D3008954CB /* Reach.swift */; };
		F3299398135E1AA7EBB56DF2 /* Pods_Noctambus.framework in Frameworks */ = {isa = PBXBuildFile; fileRef = E5912B0B69B29029695C7D61 /* Pods_Noctambus.framework */; };
/* End PBXBuildFile section */

/* Begin PBXContainerItemProxy section */
		9D58FB5B1BD2579C00B2ACCC /* PBXContainerItemProxy */ = {
			isa = PBXContainerItemProxy;
			containerPortal = 9D58FB3C1BD2579C00B2ACCC /* Project object */;
			proxyType = 1;
			remoteGlobalIDString = 9D58FB431BD2579C00B2ACCC;
			remoteInfo = Noctambus;
		};
/* End PBXContainerItemProxy section */

/* Begin PBXFileReference section */
		605C91DE751300003E9632E0 /* Pods-Noctambus.debug.xcconfig */ = {isa = PBXFileReference; includeInIndex = 1; lastKnownFileType = text.xcconfig; name = "Pods-Noctambus.debug.xcconfig"; path = "Pods/Target Support Files/Pods-Noctambus/Pods-Noctambus.debug.xcconfig"; sourceTree = "<group>"; };
		9D0194661C18853C00BC9BB7 /* PhysiqueArrets.swift */ = {isa = PBXFileReference; fileEncoding = 4; lastKnownFileType = sourcecode.swift; path = PhysiqueArrets.swift; sourceTree = "<group>"; };
		9D0194681C18941900BC9BB7 /* SwiftSpinner.swift */ = {isa = PBXFileReference; fileEncoding = 4; lastKnownFileType = sourcecode.swift; path = SwiftSpinner.swift; sourceTree = "<group>"; };
		9D0896811C0EF0B500364E2D /* LaunchScreen.storyboard */ = {isa = PBXFileReference; fileEncoding = 4; lastKnownFileType = file.storyboard; name = LaunchScreen.storyboard; path = ../LaunchScreen.storyboard; sourceTree = "<group>"; };
		9D3B24CE1C18214A00AC8AEE /* Depart.swift */ = {isa = PBXFileReference; fileEncoding = 4; lastKnownFileType = sourcecode.swift; path = Depart.swift; sourceTree = "<group>"; };
		9D3B24D01C1826F100AC8AEE /* DepartTableViewCell.swift */ = {isa = PBXFileReference; fileEncoding = 4; lastKnownFileType = sourcecode.swift; path = DepartTableViewCell.swift; sourceTree = "<group>"; };
		9D46AEC41C2BFF3800D31E82 /* Noctambus-Bridging-Header.h */ = {isa = PBXFileReference; lastKnownFileType = sourcecode.c.h; path = "Noctambus-Bridging-Header.h"; sourceTree = "<group>"; };
		9D53F7D11C05C0B400DD8D51 /* Arrets.swift */ = {isa = PBXFileReference; fileEncoding = 4; lastKnownFileType = sourcecode.swift; path = Arrets.swift; sourceTree = "<group>"; };
		9D53F7D31C05C46100DD8D51 /* fr-CH */ = {isa = PBXFileReference; lastKnownFileType = text.plist.strings; name = "fr-CH"; path = "fr-CH.lproj/Main.strings"; sourceTree = "<group>"; };
		9D58FB441BD2579C00B2ACCC /* Noctambus.app */ = {isa = PBXFileReference; explicitFileType = wrapper.application; includeInIndex = 0; path = Noctambus.app; sourceTree = BUILT_PRODUCTS_DIR; };
		9D58FB471BD2579C00B2ACCC /* AppDelegate.swift */ = {isa = PBXFileReference; lastKnownFileType = sourcecode.swift; path = AppDelegate.swift; sourceTree = "<group>"; };
		9D58FB4E1BD2579C00B2ACCC /* Base */ = {isa = PBXFileReference; lastKnownFileType = file.storyboard; name = Base; path = Base.lproj/Main.storyboard; sourceTree = "<group>"; };
		9D58FB501BD2579C00B2ACCC /* Assets.xcassets */ = {isa = PBXFileReference; lastKnownFileType = folder.assetcatalog; path = Assets.xcassets; sourceTree = "<group>"; };
		9D58FB551BD2579C00B2ACCC /* Info.plist */ = {isa = PBXFileReference; lastKnownFileType = text.plist.xml; path = Info.plist; sourceTree = "<group>"; };
		9D58FB5A1BD2579C00B2ACCC /* NoctambusTests.xctest */ = {isa = PBXFileReference; explicitFileType = wrapper.cfbundle; includeInIndex = 0; path = NoctambusTests.xctest; sourceTree = BUILT_PRODUCTS_DIR; };
		9D58FB5E1BD2579C00B2ACCC /* NoctambusTests.swift */ = {isa = PBXFileReference; lastKnownFileType = sourcecode.swift; path = NoctambusTests.swift; sourceTree = "<group>"; };
		9D58FB601BD2579C00B2ACCC /* Info.plist */ = {isa = PBXFileReference; lastKnownFileType = text.plist.xml; path = Info.plist; sourceTree = "<group>"; };
		9D597BF21C185AFD008DB276 /* ArretLocalisationViewController.swift */ = {isa = PBXFileReference; fileEncoding = 4; lastKnownFileType = sourcecode.swift; path = ArretLocalisationViewController.swift; sourceTree = "<group>"; };
		9D87A9941C0F09BE007A425F /* DepartTableViewController.swift */ = {isa = PBXFileReference; fileEncoding = 4; lastKnownFileType = sourcecode.swift; path = DepartTableViewController.swift; sourceTree = "<group>"; };
		9D96D0AF1C060EE5006C92CF /* ArretViewController.swift */ = {isa = PBXFileReference; fileEncoding = 4; lastKnownFileType = sourcecode.swift; path = ArretViewController.swift; sourceTree = "<group>"; };
		9D96D0B11C060FD8006C92CF /* ArretsTableViewCell.swift */ = {isa = PBXFileReference; fileEncoding = 4; lastKnownFileType = sourcecode.swift; path = ArretsTableViewCell.swift; sourceTree = "<group>"; };
		9DCCD82A1C18332400747E0E /* DepartTableViewCellLogo.swift */ = {isa = PBXFileReference; fileEncoding = 4; lastKnownFileType = sourcecode.swift; path = DepartTableViewCellLogo.swift; sourceTree = "<group>"; };
		9DEE6AA51BD275A7002FF393 /* Tickets.swift */ = {isa = PBXFileReference; fileEncoding = 4; lastKnownFileType = sourcecode.swift; path = Tickets.swift; sourceTree = "<group>"; };
		9DEE6AA71BD277BE002FF393 /* TicketsTableViewCell.swift */ = {isa = PBXFileReference; fileEncoding = 4; lastKnownFileType = sourcecode.swift; path = TicketsTableViewCell.swift; sourceTree = "<group>"; };
		9DEE6AA91BD279DC002FF393 /* TicketsTableViewController.swift */ = {isa = PBXFileReference; fileEncoding = 4; lastKnownFileType = sourcecode.swift; path = TicketsTableViewController.swift; sourceTree = "<group>"; };
		9DF5317E1C2967D3008954CB /* Reach.swift */ = {isa = PBXFileReference; fileEncoding = 4; lastKnownFileType = sourcecode.swift; path = Reach.swift; sourceTree = "<group>"; };
		E5912B0B69B29029695C7D61 /* Pods_Noctambus.framework */ = {isa = PBXFileReference; explicitFileType = wrapper.framework; includeInIndex = 0; path = Pods_Noctambus.framework; sourceTree = BUILT_PRODUCTS_DIR; };
		FFE0C1591E3ACA3B07B99238 /* Pods-Noctambus.release.xcconfig */ = {isa = PBXFileReference; includeInIndex = 1; lastKnownFileType = text.xcconfig; name = "Pods-Noctambus.release.xcconfig"; path = "Pods/Target Support Files/Pods-Noctambus/Pods-Noctambus.release.xcconfig"; sourceTree = "<group>"; };
/* End PBXFileReference section */

/* Begin PBXFrameworksBuildPhase section */
		9D58FB411BD2579C00B2ACCC /* Frameworks */ = {
			isa = PBXFrameworksBuildPhase;
			buildActionMask = 2147483647;
			files = (
				F3299398135E1AA7EBB56DF2 /* Pods_Noctambus.framework in Frameworks */,
			);
			runOnlyForDeploymentPostprocessing = 0;
		};
		9D58FB571BD2579C00B2ACCC /* Frameworks */ = {
			isa = PBXFrameworksBuildPhase;
			buildActionMask = 2147483647;
			files = (
			);
			runOnlyForDeploymentPostprocessing = 0;
		};
/* End PBXFrameworksBuildPhase section */

/* Begin PBXGroup section */
		53C30D720412066DDAA272B3 /* Pods */ = {
			isa = PBXGroup;
			children = (
				605C91DE751300003E9632E0 /* Pods-Noctambus.debug.xcconfig */,
				FFE0C1591E3ACA3B07B99238 /* Pods-Noctambus.release.xcconfig */,
			);
			name = Pods;
			sourceTree = "<group>";
		};
		9D0522891BFC75D000E206A0 /* Model */ = {
			isa = PBXGroup;
			children = (
				9DEE6AA51BD275A7002FF393 /* Tickets.swift */,
				9D53F7D11C05C0B400DD8D51 /* Arrets.swift */,
				9D3B24CE1C18214A00AC8AEE /* Depart.swift */,
				9D0194661C18853C00BC9BB7 /* PhysiqueArrets.swift */,
			);
			name = Model;
			sourceTree = "<group>";
		};
		9D58FB3B1BD2579C00B2ACCC = {
			isa = PBXGroup;
			children = (
				9D46AEC41C2BFF3800D31E82 /* Noctambus-Bridging-Header.h */,
				9DF0B0181BFC6E15006F3553 /* Frameworks */,
				9D58FB461BD2579C00B2ACCC /* Noctambus */,
				9D58FB5D1BD2579C00B2ACCC /* NoctambusTests */,
				9D58FB451BD2579C00B2ACCC /* Products */,
				53C30D720412066DDAA272B3 /* Pods */,
			);
			sourceTree = "<group>";
		};
		9D58FB451BD2579C00B2ACCC /* Products */ = {
			isa = PBXGroup;
			children = (
				9D58FB441BD2579C00B2ACCC /* Noctambus.app */,
				9D58FB5A1BD2579C00B2ACCC /* NoctambusTests.xctest */,
			);
			name = Products;
			sourceTree = "<group>";
		};
		9D58FB461BD2579C00B2ACCC /* Noctambus */ = {
			isa = PBXGroup;
			children = (
				9D0522891BFC75D000E206A0 /* Model */,
				9DEE6AA91BD279DC002FF393 /* TicketsTableViewController.swift */,
				9DEE6AA71BD277BE002FF393 /* TicketsTableViewCell.swift */,
				9D96D0AF1C060EE5006C92CF /* ArretViewController.swift */,
				9D96D0B11C060FD8006C92CF /* ArretsTableViewCell.swift */,
				9D597BF21C185AFD008DB276 /* ArretLocalisationViewController.swift */,
				9D87A9941C0F09BE007A425F /* DepartTableViewController.swift */,
				9D3B24D01C1826F100AC8AEE /* DepartTableViewCell.swift */,
				9DCCD82A1C18332400747E0E /* DepartTableViewCellLogo.swift */,
				9D58FB501BD2579C00B2ACCC /* Assets.xcassets */,
				9D58FB551BD2579C00B2ACCC /* Info.plist */,
				9D0194681C18941900BC9BB7 /* SwiftSpinner.swift */,
				9DF5317E1C2967D3008954CB /* Reach.swift */,
				9D58FB471BD2579C00B2ACCC /* AppDelegate.swift */,
				9D0896811C0EF0B500364E2D /* LaunchScreen.storyboard */,
				9D58FB4D1BD2579C00B2ACCC /* Main.storyboard */,
			);
			path = Noctambus;
			sourceTree = "<group>";
		};
		9D58FB5D1BD2579C00B2ACCC /* NoctambusTests */ = {
			isa = PBXGroup;
			children = (
				9D58FB5E1BD2579C00B2ACCC /* NoctambusTests.swift */,
				9D58FB601BD2579C00B2ACCC /* Info.plist */,
			);
			path = NoctambusTests;
			sourceTree = "<group>";
		};
		9DF0B0181BFC6E15006F3553 /* Frameworks */ = {
			isa = PBXGroup;
			children = (
				E5912B0B69B29029695C7D61 /* Pods_Noctambus.framework */,
			);
			name = Frameworks;
			sourceTree = "<group>";
		};
/* End PBXGroup section */

/* Begin PBXNativeTarget section */
		9D58FB431BD2579C00B2ACCC /* Noctambus */ = {
			isa = PBXNativeTarget;
			buildConfigurationList = 9D58FB631BD2579C00B2ACCC /* Build configuration list for PBXNativeTarget "Noctambus" */;
			buildPhases = (
				4C6B35041BB4419CC80D581B /* Check Pods Manifest.lock */,
				9D58FB401BD2579C00B2ACCC /* Sources */,
				9D58FB411BD2579C00B2ACCC /* Frameworks */,
				9D58FB421BD2579C00B2ACCC /* Resources */,
				BEAE78749995F4F59BCF8615 /* Embed Pods Frameworks */,
				9AF479FB18DCD0213BFDCD3B /* Copy Pods Resources */,
			);
			buildRules = (
			);
			dependencies = (
			);
			name = Noctambus;
			productName = Noctambus;
			productReference = 9D58FB441BD2579C00B2ACCC /* Noctambus.app */;
			productType = "com.apple.product-type.application";
		};
		9D58FB591BD2579C00B2ACCC /* NoctambusTests */ = {
			isa = PBXNativeTarget;
			buildConfigurationList = 9D58FB661BD2579C00B2ACCC /* Build configuration list for PBXNativeTarget "NoctambusTests" */;
			buildPhases = (
				9D58FB561BD2579C00B2ACCC /* Sources */,
				9D58FB571BD2579C00B2ACCC /* Frameworks */,
				9D58FB581BD2579C00B2ACCC /* Resources */,
			);
			buildRules = (
			);
			dependencies = (
				9D58FB5C1BD2579C00B2ACCC /* PBXTargetDependency */,
			);
			name = NoctambusTests;
			productName = NoctambusTests;
			productReference = 9D58FB5A1BD2579C00B2ACCC /* NoctambusTests.xctest */;
			productType = "com.apple.product-type.bundle.unit-test";
		};
/* End PBXNativeTarget section */

/* Begin PBXProject section */
		9D58FB3C1BD2579C00B2ACCC /* Project object */ = {
			isa = PBXProject;
			attributes = {
				LastUpgradeCheck = 0700;
				ORGANIZATIONNAME = Noctambus;
				TargetAttributes = {
					9D58FB431BD2579C00B2ACCC = {
						CreatedOnToolsVersion = 7.0.1;
						DevelopmentTeam = PLKJXCVSXL;
					};
					9D58FB591BD2579C00B2ACCC = {
						CreatedOnToolsVersion = 7.0.1;
						TestTargetID = 9D58FB431BD2579C00B2ACCC;
					};
				};
			};
			buildConfigurationList = 9D58FB3F1BD2579C00B2ACCC /* Build configuration list for PBXProject "Noctambus" */;
			compatibilityVersion = "Xcode 3.2";
			developmentRegion = English;
			hasScannedForEncodings = 0;
			knownRegions = (
				en,
				Base,
			);
			mainGroup = 9D58FB3B1BD2579C00B2ACCC;
			productRefGroup = 9D58FB451BD2579C00B2ACCC /* Products */;
			projectDirPath = "";
			projectRoot = "";
			targets = (
				9D58FB431BD2579C00B2ACCC /* Noctambus */,
				9D58FB591BD2579C00B2ACCC /* NoctambusTests */,
			);
		};
/* End PBXProject section */

/* Begin PBXResourcesBuildPhase section */
		9D58FB421BD2579C00B2ACCC /* Resources */ = {
			isa = PBXResourcesBuildPhase;
			buildActionMask = 2147483647;
			files = (
				9D0896821C0EF0B500364E2D /* LaunchScreen.storyboard in Resources */,
				9D58FB511BD2579C00B2ACCC /* Assets.xcassets in Resources */,
				9D58FB4F1BD2579C00B2ACCC /* Main.storyboard in Resources */,
			);
			runOnlyForDeploymentPostprocessing = 0;
		};
		9D58FB581BD2579C00B2ACCC /* Resources */ = {
			isa = PBXResourcesBuildPhase;
			buildActionMask = 2147483647;
			files = (
			);
			runOnlyForDeploymentPostprocessing = 0;
		};
/* End PBXResourcesBuildPhase section */

/* Begin PBXShellScriptBuildPhase section */
		4C6B35041BB4419CC80D581B /* Check Pods Manifest.lock */ = {
			isa = PBXShellScriptBuildPhase;
			buildActionMask = 2147483647;
			files = (
			);
			inputPaths = (
			);
			name = "Check Pods Manifest.lock";
			outputPaths = (
			);
			runOnlyForDeploymentPostprocessing = 0;
			shellPath = /bin/sh;
			shellScript = "diff \"${PODS_ROOT}/../Podfile.lock\" \"${PODS_ROOT}/Manifest.lock\" > /dev/null\nif [[ $? != 0 ]] ; then\n    cat << EOM\nerror: The sandbox is not in sync with the Podfile.lock. Run 'pod install' or update your CocoaPods installation.\nEOM\n    exit 1\nfi\n";
			showEnvVarsInLog = 0;
		};
		9AF479FB18DCD0213BFDCD3B /* Copy Pods Resources */ = {
			isa = PBXShellScriptBuildPhase;
			buildActionMask = 2147483647;
			files = (
			);
			inputPaths = (
			);
			name = "Copy Pods Resources";
			outputPaths = (
			);
			runOnlyForDeploymentPostprocessing = 0;
			shellPath = /bin/sh;
			shellScript = "\"${SRCROOT}/Pods/Target Support Files/Pods-Noctambus/Pods-Noctambus-resources.sh\"\n";
			showEnvVarsInLog = 0;
		};
		BEAE78749995F4F59BCF8615 /* Embed Pods Frameworks */ = {
			isa = PBXShellScriptBuildPhase;
			buildActionMask = 2147483647;
			files = (
			);
			inputPaths = (
			);
			name = "Embed Pods Frameworks";
			outputPaths = (
			);
			runOnlyForDeploymentPostprocessing = 0;
			shellPath = /bin/sh;
			shellScript = "\"${SRCROOT}/Pods/Target Support Files/Pods-Noctambus/Pods-Noctambus-frameworks.sh\"\n";
			showEnvVarsInLog = 0;
		};
/* End PBXShellScriptBuildPhase section */

/* Begin PBXSourcesBuildPhase section */
		9D58FB401BD2579C00B2ACCC /* Sources */ = {
			isa = PBXSourcesBuildPhase;
			buildActionMask = 2147483647;
			files = (
				9D3B24D11C1826F100AC8AEE /* DepartTableViewCell.swift in Sources */,
				9DEE6AA81BD277BE002FF393 /* TicketsTableViewCell.swift in Sources */,
				9D0194671C18853C00BC9BB7 /* PhysiqueArrets.swift in Sources */,
				9D87A9951C0F09BE007A425F /* DepartTableViewController.swift in Sources */,
				9D96D0B01C060EE5006C92CF /* ArretViewController.swift in Sources */,
				9D0194691C18941A00BC9BB7 /* SwiftSpinner.swift in Sources */,
				9D58FB481BD2579C00B2ACCC /* AppDelegate.swift in Sources */,
				9D96D0B21C060FD8006C92CF /* ArretsTableViewCell.swift in Sources */,
				9D53F7D21C05C0B400DD8D51 /* Arrets.swift in Sources */,
				9DCCD82B1C18332400747E0E /* DepartTableViewCellLogo.swift in Sources */,
				9DF5317F1C2967D3008954CB /* Reach.swift in Sources */,
				9DEE6AAA1BD279DC002FF393 /* TicketsTableViewController.swift in Sources */,
				9DEE6AA61BD275A7002FF393 /* Tickets.swift in Sources */,
				9D3B24CF1C18214A00AC8AEE /* Depart.swift in Sources */,
				9D597BF31C185AFD008DB276 /* ArretLocalisationViewController.swift in Sources */,
			);
			runOnlyForDeploymentPostprocessing = 0;
		};
		9D58FB561BD2579C00B2ACCC /* Sources */ = {
			isa = PBXSourcesBuildPhase;
			buildActionMask = 2147483647;
			files = (
				9D58FB5F1BD2579C00B2ACCC /* NoctambusTests.swift in Sources */,
			);
			runOnlyForDeploymentPostprocessing = 0;
		};
/* End PBXSourcesBuildPhase section */

/* Begin PBXTargetDependency section */
		9D58FB5C1BD2579C00B2ACCC /* PBXTargetDependency */ = {
			isa = PBXTargetDependency;
			target = 9D58FB431BD2579C00B2ACCC /* Noctambus */;
			targetProxy = 9D58FB5B1BD2579C00B2ACCC /* PBXContainerItemProxy */;
		};
/* End PBXTargetDependency section */

/* Begin PBXVariantGroup section */
		9D58FB4D1BD2579C00B2ACCC /* Main.storyboard */ = {
			isa = PBXVariantGroup;
			children = (
				9D58FB4E1BD2579C00B2ACCC /* Base */,
				9D53F7D31C05C46100DD8D51 /* fr-CH */,
			);
			name = Main.storyboard;
			sourceTree = "<group>";
		};
/* End PBXVariantGroup section */

/* Begin XCBuildConfiguration section */
		9D58FB611BD2579C00B2ACCC /* Debug */ = {
			isa = XCBuildConfiguration;
			buildSettings = {
				ALWAYS_SEARCH_USER_PATHS = NO;
				CLANG_CXX_LANGUAGE_STANDARD = "gnu++0x";
				CLANG_CXX_LIBRARY = "libc++";
				CLANG_ENABLE_MODULES = YES;
				CLANG_ENABLE_OBJC_ARC = YES;
				CLANG_WARN_BOOL_CONVERSION = YES;
				CLANG_WARN_CONSTANT_CONVERSION = YES;
				CLANG_WARN_DIRECT_OBJC_ISA_USAGE = YES_ERROR;
				CLANG_WARN_EMPTY_BODY = YES;
				CLANG_WARN_ENUM_CONVERSION = YES;
				CLANG_WARN_INT_CONVERSION = YES;
				CLANG_WARN_OBJC_ROOT_CLASS = YES_ERROR;
				CLANG_WARN_UNREACHABLE_CODE = YES;
				CLANG_WARN__DUPLICATE_METHOD_MATCH = YES;
				"CODE_SIGN_IDENTITY[sdk=iphoneos*]" = "iPhone Developer";
				COPY_PHASE_STRIP = NO;
				DEBUG_INFORMATION_FORMAT = dwarf;
				ENABLE_STRICT_OBJC_MSGSEND = YES;
				ENABLE_TESTABILITY = YES;
				GCC_C_LANGUAGE_STANDARD = gnu99;
				GCC_DYNAMIC_NO_PIC = NO;
				GCC_NO_COMMON_BLOCKS = YES;
				GCC_OPTIMIZATION_LEVEL = 0;
				GCC_PREPROCESSOR_DEFINITIONS = (
					"DEBUG=1",
					"$(inherited)",
				);
				GCC_WARN_64_TO_32_BIT_CONVERSION = YES;
				GCC_WARN_ABOUT_RETURN_TYPE = YES_ERROR;
				GCC_WARN_UNDECLARED_SELECTOR = YES;
				GCC_WARN_UNINITIALIZED_AUTOS = YES_AGGRESSIVE;
				GCC_WARN_UNUSED_FUNCTION = YES;
				GCC_WARN_UNUSED_VARIABLE = YES;
				IPHONEOS_DEPLOYMENT_TARGET = 9.0;
				MTL_ENABLE_DEBUG_INFO = YES;
				ONLY_ACTIVE_ARCH = YES;
				SDKROOT = iphoneos;
				SWIFT_OPTIMIZATION_LEVEL = "-Onone";
			};
			name = Debug;
		};
		9D58FB621BD2579C00B2ACCC /* Release */ = {
			isa = XCBuildConfiguration;
			buildSettings = {
				ALWAYS_SEARCH_USER_PATHS = NO;
				CLANG_CXX_LANGUAGE_STANDARD = "gnu++0x";
				CLANG_CXX_LIBRARY = "libc++";
				CLANG_ENABLE_MODULES = YES;
				CLANG_ENABLE_OBJC_ARC = YES;
				CLANG_WARN_BOOL_CONVERSION = YES;
				CLANG_WARN_CONSTANT_CONVERSION = YES;
				CLANG_WARN_DIRECT_OBJC_ISA_USAGE = YES_ERROR;
				CLANG_WARN_EMPTY_BODY = YES;
				CLANG_WARN_ENUM_CONVERSION = YES;
				CLANG_WARN_INT_CONVERSION = YES;
				CLANG_WARN_OBJC_ROOT_CLASS = YES_ERROR;
				CLANG_WARN_UNREACHABLE_CODE = YES;
				CLANG_WARN__DUPLICATE_METHOD_MATCH = YES;
				"CODE_SIGN_IDENTITY[sdk=iphoneos*]" = "iPhone Developer";
				COPY_PHASE_STRIP = NO;
				DEBUG_INFORMATION_FORMAT = "dwarf-with-dsym";
				ENABLE_NS_ASSERTIONS = NO;
				ENABLE_STRICT_OBJC_MSGSEND = YES;
				GCC_C_LANGUAGE_STANDARD = gnu99;
				GCC_NO_COMMON_BLOCKS = YES;
				GCC_WARN_64_TO_32_BIT_CONVERSION = YES;
				GCC_WARN_ABOUT_RETURN_TYPE = YES_ERROR;
				GCC_WARN_UNDECLARED_SELECTOR = YES;
				GCC_WARN_UNINITIALIZED_AUTOS = YES_AGGRESSIVE;
				GCC_WARN_UNUSED_FUNCTION = YES;
				GCC_WARN_UNUSED_VARIABLE = YES;
				IPHONEOS_DEPLOYMENT_TARGET = 9.0;
				MTL_ENABLE_DEBUG_INFO = NO;
				SDKROOT = iphoneos;
				VALIDATE_PRODUCT = YES;
			};
			name = Release;
		};
		9D58FB641BD2579C00B2ACCC /* Debug */ = {
			isa = XCBuildConfiguration;
			baseConfigurationReference = 605C91DE751300003E9632E0 /* Pods-Noctambus.debug.xcconfig */;
			buildSettings = {
				ASSETCATALOG_COMPILER_APPICON_NAME = AppIcon;
				ASSETCATALOG_COMPILER_LAUNCHIMAGE_NAME = LaunchImage;
				CODE_SIGN_IDENTITY = "iPhone Developer";
				"CODE_SIGN_IDENTITY[sdk=iphoneos*]" = "iPhone Developer";
				ENABLE_BITCODE = NO;
				FRAMEWORK_SEARCH_PATHS = (
					"$(inherited)",
					"$(PROJECT_DIR)",
				);
				INFOPLIST_FILE = Noctambus/Info.plist;
				LD_RUNPATH_SEARCH_PATHS = "$(inherited) @executable_path/Frameworks";
				PRODUCT_BUNDLE_IDENTIFIER = ch.noctambus.Noctambus;
				PRODUCT_NAME = "$(TARGET_NAME)";
				PROVISIONING_PROFILE = "";
				SWIFT_OBJC_BRIDGING_HEADER = "Noctambus-Bridging-Header.h";
				TARGETED_DEVICE_FAMILY = 1;
				"TEST_HOST[sdk=*]" = "";
			};
			name = Debug;
		};
		9D58FB651BD2579C00B2ACCC /* Release */ = {
			isa = XCBuildConfiguration;
			baseConfigurationReference = FFE0C1591E3ACA3B07B99238 /* Pods-Noctambus.release.xcconfig */;
			buildSettings = {
				ASSETCATALOG_COMPILER_APPICON_NAME = AppIcon;
				ASSETCATALOG_COMPILER_LAUNCHIMAGE_NAME = LaunchImage;
				CODE_SIGN_IDENTITY = "iPhone Developer";
				"CODE_SIGN_IDENTITY[sdk=iphoneos*]" = "iPhone Developer";
				ENABLE_BITCODE = NO;
				FRAMEWORK_SEARCH_PATHS = (
					"$(inherited)",
					"$(PROJECT_DIR)",
				);
				INFOPLIST_FILE = Noctambus/Info.plist;
				LD_RUNPATH_SEARCH_PATHS = "$(inherited) @executable_path/Frameworks";
				PRODUCT_BUNDLE_IDENTIFIER = ch.noctambus.Noctambus;
				PRODUCT_NAME = "$(TARGET_NAME)";
				PROVISIONING_PROFILE = "";
				SWIFT_OBJC_BRIDGING_HEADER = "Noctambus-Bridging-Header.h";
				TARGETED_DEVICE_FAMILY = 1;
			};
			name = Release;
		};
		9D58FB671BD2579C00B2ACCC /* Debug */ = {
			isa = XCBuildConfiguration;
			buildSettings = {
				BUNDLE_LOADER = "$(TEST_HOST)";
				INFOPLIST_FILE = NoctambusTests/Info.plist;
				LD_RUNPATH_SEARCH_PATHS = "$(inherited) @executable_path/Frameworks @loader_path/Frameworks";
				PRODUCT_BUNDLE_IDENTIFIER = ch.noctambus.NoctambusTests;
				PRODUCT_NAME = "$(TARGET_NAME)";
				TEST_HOST = "$(BUILT_PRODUCTS_DIR)/Noctambus.app/Noctambus";
			};
			name = Debug;
		};
		9D58FB681BD2579C00B2ACCC /* Release */ = {
			isa = XCBuildConfiguration;
			buildSettings = {
				BUNDLE_LOADER = "$(TEST_HOST)";
				INFOPLIST_FILE = NoctambusTests/Info.plist;
				LD_RUNPATH_SEARCH_PATHS = "$(inherited) @executable_path/Frameworks @loader_path/Frameworks";
				PRODUCT_BUNDLE_IDENTIFIER = ch.noctambus.NoctambusTests;
				PRODUCT_NAME = "$(TARGET_NAME)";
				TEST_HOST = "$(BUILT_PRODUCTS_DIR)/Noctambus.app/Noctambus";
			};
			name = Release;
		};
/* End XCBuildConfiguration section */

/* Begin XCConfigurationList section */
		9D58FB3F1BD2579C00B2ACCC /* Build configuration list for PBXProject "Noctambus" */ = {
			isa = XCConfigurationList;
			buildConfigurations = (
				9D58FB611BD2579C00B2ACCC /* Debug */,
				9D58FB621BD2579C00B2ACCC /* Release */,
			);
			defaultConfigurationIsVisible = 0;
			defaultConfigurationName = Release;
		};
		9D58FB631BD2579C00B2ACCC /* Build configuration list for PBXNativeTarget "Noctambus" */ = {
			isa = XCConfigurationList;
			buildConfigurations = (
				9D58FB641BD2579C00B2ACCC /* Debug */,
				9D58FB651BD2579C00B2ACCC /* Release */,
			);
			defaultConfigurationIsVisible = 0;
			defaultConfigurationName = Release;
		};
		9D58FB661BD2579C00B2ACCC /* Build configuration list for PBXNativeTarget "NoctambusTests" */ = {
			isa = XCConfigurationList;
			buildConfigurations = (
				9D58FB671BD2579C00B2ACCC /* Debug */,
				9D58FB681BD2579C00B2ACCC /* Release */,
			);
			defaultConfigurationIsVisible = 0;
			defaultConfigurationName = Release;
		};
/* End XCConfigurationList section */
	};
	rootObject = 9D58FB3C1BD2579C00B2ACCC /* Project object */;
}
