// !$*UTF8*$!
{
	archiveVersion = 1;
	classes = {
	};
	objectVersion = 46;
	objects = {

/* Begin PBXBuildFile section */
		9D0896821C0EF0B500364E2D /* LaunchScreen.storyboard in Resources */ = {isa = PBXBuildFile; fileRef = 9D0896811C0EF0B500364E2D /* LaunchScreen.storyboard */; };
		9D53F7D21C05C0B400DD8D51 /* Arrets.swift in Sources */ = {isa = PBXBuildFile; fileRef = 9D53F7D11C05C0B400DD8D51 /* Arrets.swift */; };
		9D58FB481BD2579C00B2ACCC /* AppDelegate.swift in Sources */ = {isa = PBXBuildFile; fileRef = 9D58FB471BD2579C00B2ACCC /* AppDelegate.swift */; };
		9D58FB4F1BD2579C00B2ACCC /* Main.storyboard in Resources */ = {isa = PBXBuildFile; fileRef = 9D58FB4D1BD2579C00B2ACCC /* Main.storyboard */; };
		9D58FB511BD2579C00B2ACCC /* Assets.xcassets in Resources */ = {isa = PBXBuildFile; fileRef = 9D58FB501BD2579C00B2ACCC /* Assets.xcassets */; };
		9D58FB5F1BD2579C00B2ACCC /* NoctambusTests.swift in Sources */ = {isa = PBXBuildFile; fileRef = 9D58FB5E1BD2579C00B2ACCC /* NoctambusTests.swift */; };
		9D87A9951C0F09BE007A425F /* DepartTableViewController.swift in Sources */ = {isa = PBXBuildFile; fileRef = 9D87A9941C0F09BE007A425F /* DepartTableViewController.swift */; };
		9D96D0B01C060EE5006C92CF /* ArretViewController.swift in Sources */ = {isa = PBXBuildFile; fileRef = 9D96D0AF1C060EE5006C92CF /* ArretViewController.swift */; };
		9D96D0B21C060FD8006C92CF /* ArretsTableViewCell.swift in Sources */ = {isa = PBXBuildFile; fileRef = 9D96D0B11C060FD8006C92CF /* ArretsTableViewCell.swift */; };
		9DB667991C0F264200ED25D2 /* SwiftyJSON.swift in Sources */ = {isa = PBXBuildFile; fileRef = 9DB667981C0F264200ED25D2 /* SwiftyJSON.swift */; };
		9DEE6AA61BD275A7002FF393 /* Tickets.swift in Sources */ = {isa = PBXBuildFile; fileRef = 9DEE6AA51BD275A7002FF393 /* Tickets.swift */; };
		9DEE6AA81BD277BE002FF393 /* TicketsTableViewCell.swift in Sources */ = {isa = PBXBuildFile; fileRef = 9DEE6AA71BD277BE002FF393 /* TicketsTableViewCell.swift */; };
		9DEE6AAA1BD279DC002FF393 /* TicketsTableViewController.swift in Sources */ = {isa = PBXBuildFile; fileRef = 9DEE6AA91BD279DC002FF393 /* TicketsTableViewController.swift */; };
		9DF0B01B1BFC6E3C006F3553 /* Bolts.framework in Frameworks */ = {isa = PBXBuildFile; fileRef = 9DF0B0191BFC6E3C006F3553 /* Bolts.framework */; };
		9DF0B01C1BFC6E3C006F3553 /* Parse.framework in Frameworks */ = {isa = PBXBuildFile; fileRef = 9DF0B01A1BFC6E3C006F3553 /* Parse.framework */; };
		9DF0B01E1BFC6E6D006F3553 /* AudioToolbox.framework in Frameworks */ = {isa = PBXBuildFile; fileRef = 9DF0B01D1BFC6E6D006F3553 /* AudioToolbox.framework */; };
		9DF0B0201BFC6E78006F3553 /* CFNetwork.framework in Frameworks */ = {isa = PBXBuildFile; fileRef = 9DF0B01F1BFC6E78006F3553 /* CFNetwork.framework */; };
		9DF0B0221BFC6E81006F3553 /* CoreGraphics.framework in Frameworks */ = {isa = PBXBuildFile; fileRef = 9DF0B0211BFC6E81006F3553 /* CoreGraphics.framework */; };
		9DF0B0241BFC6E8F006F3553 /* CoreLocation.framework in Frameworks */ = {isa = PBXBuildFile; fileRef = 9DF0B0231BFC6E8F006F3553 /* CoreLocation.framework */; };
		9DF0B0261BFC6E95006F3553 /* QuartzCore.framework in Frameworks */ = {isa = PBXBuildFile; fileRef = 9DF0B0251BFC6E95006F3553 /* QuartzCore.framework */; settings = {ATTRIBUTES = (Required, ); }; };
		9DF0B0281BFC6E9B006F3553 /* Security.framework in Frameworks */ = {isa = PBXBuildFile; fileRef = 9DF0B0271BFC6E9B006F3553 /* Security.framework */; };
		9DF0B02A1BFC6EA2006F3553 /* StoreKit.framework in Frameworks */ = {isa = PBXBuildFile; fileRef = 9DF0B0291BFC6EA2006F3553 /* StoreKit.framework */; };
		9DF0B02C1BFC6EAA006F3553 /* SystemConfiguration.framework in Frameworks */ = {isa = PBXBuildFile; fileRef = 9DF0B02B1BFC6EAA006F3553 /* SystemConfiguration.framework */; };
		9DF0B02E1BFC6EB6006F3553 /* libz.tbd in Frameworks */ = {isa = PBXBuildFile; fileRef = 9DF0B02D1BFC6EB6006F3553 /* libz.tbd */; };
		9DF0B0301BFC6EC3006F3553 /* libsqlite3.tbd in Frameworks */ = {isa = PBXBuildFile; fileRef = 9DF0B02F1BFC6EC3006F3553 /* libsqlite3.tbd */; };
		9DF0B0331BFC718B006F3553 /* ParseUI.framework in Frameworks */ = {isa = PBXBuildFile; fileRef = 9DF0B0321BFC718B006F3553 /* ParseUI.framework */; };
/* End PBXBuildFile section */

/* Begin PBXContainerItemProxy section */
		9D58FB5B1BD2579C00B2ACCC /* PBXContainerItemProxy */ = {
			isa = PBXContainerItemProxy;
			containerPortal = 9D58FB3C1BD2579C00B2ACCC /* Project object */;
			proxyType = 1;
			remoteGlobalIDString = 9D58FB431BD2579C00B2ACCC;
			remoteInfo = Noctambus;
		};
/* End PBXContainerItemProxy section */

/* Begin PBXFileReference section */
		9D0896811C0EF0B500364E2D /* LaunchScreen.storyboard */ = {isa = PBXFileReference; fileEncoding = 4; lastKnownFileType = file.storyboard; name = LaunchScreen.storyboard; path = ../LaunchScreen.storyboard; sourceTree = "<group>"; };
		9D53F7D11C05C0B400DD8D51 /* Arrets.swift */ = {isa = PBXFileReference; fileEncoding = 4; lastKnownFileType = sourcecode.swift; path = Arrets.swift; sourceTree = "<group>"; };
		9D53F7D31C05C46100DD8D51 /* fr-CH */ = {isa = PBXFileReference; lastKnownFileType = text.plist.strings; name = "fr-CH"; path = "fr-CH.lproj/Main.strings"; sourceTree = "<group>"; };
		9D58FB441BD2579C00B2ACCC /* Noctambus.app */ = {isa = PBXFileReference; explicitFileType = wrapper.application; includeInIndex = 0; path = Noctambus.app; sourceTree = BUILT_PRODUCTS_DIR; };
		9D58FB471BD2579C00B2ACCC /* AppDelegate.swift */ = {isa = PBXFileReference; lastKnownFileType = sourcecode.swift; path = AppDelegate.swift; sourceTree = "<group>"; };
		9D58FB4E1BD2579C00B2ACCC /* Base */ = {isa = PBXFileReference; lastKnownFileType = file.storyboard; name = Base; path = Base.lproj/Main.storyboard; sourceTree = "<group>"; };
		9D58FB501BD2579C00B2ACCC /* Assets.xcassets */ = {isa = PBXFileReference; lastKnownFileType = folder.assetcatalog; path = Assets.xcassets; sourceTree = "<group>"; };
		9D58FB551BD2579C00B2ACCC /* Info.plist */ = {isa = PBXFileReference; lastKnownFileType = text.plist.xml; path = Info.plist; sourceTree = "<group>"; };
		9D58FB5A1BD2579C00B2ACCC /* NoctambusTests.xctest */ = {isa = PBXFileReference; explicitFileType = wrapper.cfbundle; includeInIndex = 0; path = NoctambusTests.xctest; sourceTree = BUILT_PRODUCTS_DIR; };
		9D58FB5E1BD2579C00B2ACCC /* NoctambusTests.swift */ = {isa = PBXFileReference; lastKnownFileType = sourcecode.swift; path = NoctambusTests.swift; sourceTree = "<group>"; };
		9D58FB601BD2579C00B2ACCC /* Info.plist */ = {isa = PBXFileReference; lastKnownFileType = text.plist.xml; path = Info.plist; sourceTree = "<group>"; };
		9D87A9941C0F09BE007A425F /* DepartTableViewController.swift */ = {isa = PBXFileReference; fileEncoding = 4; lastKnownFileType = sourcecode.swift; path = DepartTableViewController.swift; sourceTree = "<group>"; };
		9D96D0AF1C060EE5006C92CF /* ArretViewController.swift */ = {isa = PBXFileReference; fileEncoding = 4; lastKnownFileType = sourcecode.swift; path = ArretViewController.swift; sourceTree = "<group>"; };
		9D96D0B11C060FD8006C92CF /* ArretsTableViewCell.swift */ = {isa = PBXFileReference; fileEncoding = 4; lastKnownFileType = sourcecode.swift; path = ArretsTableViewCell.swift; sourceTree = "<group>"; };
		9DB667981C0F264200ED25D2 /* SwiftyJSON.swift */ = {isa = PBXFileReference; fileEncoding = 4; lastKnownFileType = sourcecode.swift; path = SwiftyJSON.swift; sourceTree = "<group>"; };
		9DEE6AA51BD275A7002FF393 /* Tickets.swift */ = {isa = PBXFileReference; fileEncoding = 4; lastKnownFileType = sourcecode.swift; path = Tickets.swift; sourceTree = "<group>"; };
		9DEE6AA71BD277BE002FF393 /* TicketsTableViewCell.swift */ = {isa = PBXFileReference; fileEncoding = 4; lastKnownFileType = sourcecode.swift; path = TicketsTableViewCell.swift; sourceTree = "<group>"; };
		9DEE6AA91BD279DC002FF393 /* TicketsTableViewController.swift */ = {isa = PBXFileReference; fileEncoding = 4; lastKnownFileType = sourcecode.swift; path = TicketsTableViewController.swift; sourceTree = "<group>"; };
		9DF0B0191BFC6E3C006F3553 /* Bolts.framework */ = {isa = PBXFileReference; lastKnownFileType = wrapper.framework; path = Bolts.framework; sourceTree = "<group>"; };
		9DF0B01A1BFC6E3C006F3553 /* Parse.framework */ = {isa = PBXFileReference; lastKnownFileType = wrapper.framework; path = Parse.framework; sourceTree = "<group>"; };
		9DF0B01D1BFC6E6D006F3553 /* AudioToolbox.framework */ = {isa = PBXFileReference; lastKnownFileType = wrapper.framework; name = AudioToolbox.framework; path = System/Library/Frameworks/AudioToolbox.framework; sourceTree = SDKROOT; };
		9DF0B01F1BFC6E78006F3553 /* CFNetwork.framework */ = {isa = PBXFileReference; lastKnownFileType = wrapper.framework; name = CFNetwork.framework; path = System/Library/Frameworks/CFNetwork.framework; sourceTree = SDKROOT; };
		9DF0B0211BFC6E81006F3553 /* CoreGraphics.framework */ = {isa = PBXFileReference; lastKnownFileType = wrapper.framework; name = CoreGraphics.framework; path = System/Library/Frameworks/CoreGraphics.framework; sourceTree = SDKROOT; };
		9DF0B0231BFC6E8F006F3553 /* CoreLocation.framework */ = {isa = PBXFileReference; lastKnownFileType = wrapper.framework; name = CoreLocation.framework; path = System/Library/Frameworks/CoreLocation.framework; sourceTree = SDKROOT; };
		9DF0B0251BFC6E95006F3553 /* QuartzCore.framework */ = {isa = PBXFileReference; lastKnownFileType = wrapper.framework; name = QuartzCore.framework; path = System/Library/Frameworks/QuartzCore.framework; sourceTree = SDKROOT; };
		9DF0B0271BFC6E9B006F3553 /* Security.framework */ = {isa = PBXFileReference; lastKnownFileType = wrapper.framework; name = Security.framework; path = System/Library/Frameworks/Security.framework; sourceTree = SDKROOT; };
		9DF0B0291BFC6EA2006F3553 /* StoreKit.framework */ = {isa = PBXFileReference; lastKnownFileType = wrapper.framework; name = StoreKit.framework; path = System/Library/Frameworks/StoreKit.framework; sourceTree = SDKROOT; };
		9DF0B02B1BFC6EAA006F3553 /* SystemConfiguration.framework */ = {isa = PBXFileReference; lastKnownFileType = wrapper.framework; name = SystemConfiguration.framework; path = System/Library/Frameworks/SystemConfiguration.framework; sourceTree = SDKROOT; };
		9DF0B02D1BFC6EB6006F3553 /* libz.tbd */ = {isa = PBXFileReference; lastKnownFileType = "sourcecode.text-based-dylib-definition"; name = libz.tbd; path = usr/lib/libz.tbd; sourceTree = SDKROOT; };
		9DF0B02F1BFC6EC3006F3553 /* libsqlite3.tbd */ = {isa = PBXFileReference; lastKnownFileType = "sourcecode.text-based-dylib-definition"; name = libsqlite3.tbd; path = usr/lib/libsqlite3.tbd; sourceTree = SDKROOT; };
		9DF0B0311BFC6F91006F3553 /* Noctambus-Bridging-Header.h */ = {isa = PBXFileReference; lastKnownFileType = sourcecode.c.h; path = "Noctambus-Bridging-Header.h"; sourceTree = SOURCE_ROOT; };
		9DF0B0321BFC718B006F3553 /* ParseUI.framework */ = {isa = PBXFileReference; lastKnownFileType = wrapper.framework; path = ParseUI.framework; sourceTree = "<group>"; };
/* End PBXFileReference section */

/* Begin PBXFrameworksBuildPhase section */
		9D58FB411BD2579C00B2ACCC /* Frameworks */ = {
			isa = PBXFrameworksBuildPhase;
			buildActionMask = 2147483647;
			files = (
				9DF0B0301BFC6EC3006F3553 /* libsqlite3.tbd in Frameworks */,
				9DF0B02E1BFC6EB6006F3553 /* libz.tbd in Frameworks */,
				9DF0B02C1BFC6EAA006F3553 /* SystemConfiguration.framework in Frameworks */,
				9DF0B02A1BFC6EA2006F3553 /* StoreKit.framework in Frameworks */,
				9DF0B0281BFC6E9B006F3553 /* Security.framework in Frameworks */,
				9DF0B0261BFC6E95006F3553 /* QuartzCore.framework in Frameworks */,
				9DF0B0241BFC6E8F006F3553 /* CoreLocation.framework in Frameworks */,
				9DF0B0221BFC6E81006F3553 /* CoreGraphics.framework in Frameworks */,
				9DF0B0201BFC6E78006F3553 /* CFNetwork.framework in Frameworks */,
				9DF0B01E1BFC6E6D006F3553 /* AudioToolbox.framework in Frameworks */,
				9DF0B01C1BFC6E3C006F3553 /* Parse.framework in Frameworks */,
				9DF0B01B1BFC6E3C006F3553 /* Bolts.framework in Frameworks */,
				9DF0B0331BFC718B006F3553 /* ParseUI.framework in Frameworks */,
			);
			runOnlyForDeploymentPostprocessing = 0;
		};
		9D58FB571BD2579C00B2ACCC /* Frameworks */ = {
			isa = PBXFrameworksBuildPhase;
			buildActionMask = 2147483647;
			files = (
			);
			runOnlyForDeploymentPostprocessing = 0;
		};
/* End PBXFrameworksBuildPhase section */

/* Begin PBXGroup section */
		9D0522891BFC75D000E206A0 /* Model */ = {
			isa = PBXGroup;
			children = (
				9DEE6AA51BD275A7002FF393 /* Tickets.swift */,
				9D53F7D11C05C0B400DD8D51 /* Arrets.swift */,
			);
			name = Model;
			sourceTree = "<group>";
		};
		9D58FB3B1BD2579C00B2ACCC = {
			isa = PBXGroup;
			children = (
				9DF0B0311BFC6F91006F3553 /* Noctambus-Bridging-Header.h */,
				9DF0B0181BFC6E15006F3553 /* Frameworks */,
				9D58FB461BD2579C00B2ACCC /* Noctambus */,
				9D58FB5D1BD2579C00B2ACCC /* NoctambusTests */,
				9D58FB451BD2579C00B2ACCC /* Products */,
			);
			sourceTree = "<group>";
		};
		9D58FB451BD2579C00B2ACCC /* Products */ = {
			isa = PBXGroup;
			children = (
				9D58FB441BD2579C00B2ACCC /* Noctambus.app */,
				9D58FB5A1BD2579C00B2ACCC /* NoctambusTests.xctest */,
			);
			name = Products;
			sourceTree = "<group>";
		};
		9D58FB461BD2579C00B2ACCC /* Noctambus */ = {
			isa = PBXGroup;
			children = (
				9D0522891BFC75D000E206A0 /* Model */,
				9D58FB471BD2579C00B2ACCC /* AppDelegate.swift */,
				9D58FB4D1BD2579C00B2ACCC /* Main.storyboard */,
				9D0896811C0EF0B500364E2D /* LaunchScreen.storyboard */,
				9DEE6AA91BD279DC002FF393 /* TicketsTableViewController.swift */,
				9DEE6AA71BD277BE002FF393 /* TicketsTableViewCell.swift */,
				9D96D0AF1C060EE5006C92CF /* ArretViewController.swift */,
				9D96D0B11C060FD8006C92CF /* ArretsTableViewCell.swift */,
				9D87A9941C0F09BE007A425F /* DepartTableViewController.swift */,
				9DB667981C0F264200ED25D2 /* SwiftyJSON.swift */,
				9D58FB501BD2579C00B2ACCC /* Assets.xcassets */,
				9D58FB551BD2579C00B2ACCC /* Info.plist */,
			);
			path = Noctambus;
			sourceTree = "<group>";
		};
		9D58FB5D1BD2579C00B2ACCC /* NoctambusTests */ = {
			isa = PBXGroup;
			children = (
				9D58FB5E1BD2579C00B2ACCC /* NoctambusTests.swift */,
				9D58FB601BD2579C00B2ACCC /* Info.plist */,
			);
			path = NoctambusTests;
			sourceTree = "<group>";
		};
		9DF0B0181BFC6E15006F3553 /* Frameworks */ = {
			isa = PBXGroup;
			children = (
				9DF0B0321BFC718B006F3553 /* ParseUI.framework */,
				9DF0B02F1BFC6EC3006F3553 /* libsqlite3.tbd */,
				9DF0B02D1BFC6EB6006F3553 /* libz.tbd */,
				9DF0B02B1BFC6EAA006F3553 /* SystemConfiguration.framework */,
				9DF0B0291BFC6EA2006F3553 /* StoreKit.framework */,
				9DF0B0271BFC6E9B006F3553 /* Security.framework */,
				9DF0B0251BFC6E95006F3553 /* QuartzCore.framework */,
				9DF0B0231BFC6E8F006F3553 /* CoreLocation.framework */,
				9DF0B0211BFC6E81006F3553 /* CoreGraphics.framework */,
				9DF0B01F1BFC6E78006F3553 /* CFNetwork.framework */,
				9DF0B01D1BFC6E6D006F3553 /* AudioToolbox.framework */,
				9DF0B0191BFC6E3C006F3553 /* Bolts.framework */,
				9DF0B01A1BFC6E3C006F3553 /* Parse.framework */,
			);
			name = Frameworks;
			sourceTree = "<group>";
		};
/* End PBXGroup section */

/* Begin PBXNativeTarget section */
		9D58FB431BD2579C00B2ACCC /* Noctambus */ = {
			isa = PBXNativeTarget;
			buildConfigurationList = 9D58FB631BD2579C00B2ACCC /* Build configuration list for PBXNativeTarget "Noctambus" */;
			buildPhases = (
				9D58FB401BD2579C00B2ACCC /* Sources */,
				9D58FB411BD2579C00B2ACCC /* Frameworks */,
				9D58FB421BD2579C00B2ACCC /* Resources */,
			);
			buildRules = (
			);
			dependencies = (
			);
			name = Noctambus;
			productName = Noctambus;
			productReference = 9D58FB441BD2579C00B2ACCC /* Noctambus.app */;
			productType = "com.apple.product-type.application";
		};
		9D58FB591BD2579C00B2ACCC /* NoctambusTests */ = {
			isa = PBXNativeTarget;
			buildConfigurationList = 9D58FB661BD2579C00B2ACCC /* Build configuration list for PBXNativeTarget "NoctambusTests" */;
			buildPhases = (
				9D58FB561BD2579C00B2ACCC /* Sources */,
				9D58FB571BD2579C00B2ACCC /* Frameworks */,
				9D58FB581BD2579C00B2ACCC /* Resources */,
			);
			buildRules = (
			);
			dependencies = (
				9D58FB5C1BD2579C00B2ACCC /* PBXTargetDependency */,
			);
			name = NoctambusTests;
			productName = NoctambusTests;
			productReference = 9D58FB5A1BD2579C00B2ACCC /* NoctambusTests.xctest */;
			productType = "com.apple.product-type.bundle.unit-test";
		};
/* End PBXNativeTarget section */

/* Begin PBXProject section */
		9D58FB3C1BD2579C00B2ACCC /* Project object */ = {
			isa = PBXProject;
			attributes = {
				LastUpgradeCheck = 0700;
				ORGANIZATIONNAME = Noctambus;
				TargetAttributes = {
					9D58FB431BD2579C00B2ACCC = {
						CreatedOnToolsVersion = 7.0.1;
						DevelopmentTeam = PLKJXCVSXL;
					};
					9D58FB591BD2579C00B2ACCC = {
						CreatedOnToolsVersion = 7.0.1;
						TestTargetID = 9D58FB431BD2579C00B2ACCC;
					};
				};
			};
			buildConfigurationList = 9D58FB3F1BD2579C00B2ACCC /* Build configuration list for PBXProject "Noctambus" */;
			compatibilityVersion = "Xcode 3.2";
			developmentRegion = English;
			hasScannedForEncodings = 0;
			knownRegions = (
				en,
				Base,
			);
			mainGroup = 9D58FB3B1BD2579C00B2ACCC;
			productRefGroup = 9D58FB451BD2579C00B2ACCC /* Products */;
			projectDirPath = "";
			projectRoot = "";
			targets = (
				9D58FB431BD2579C00B2ACCC /* Noctambus */,
				9D58FB591BD2579C00B2ACCC /* NoctambusTests */,
			);
		};
/* End PBXProject section */

/* Begin PBXResourcesBuildPhase section */
		9D58FB421BD2579C00B2ACCC /* Resources */ = {
			isa = PBXResourcesBuildPhase;
			buildActionMask = 2147483647;
			files = (
				9D0896821C0EF0B500364E2D /* LaunchScreen.storyboard in Resources */,
				9D58FB511BD2579C00B2ACCC /* Assets.xcassets in Resources */,
				9D58FB4F1BD2579C00B2ACCC /* Main.storyboard in Resources */,
			);
			runOnlyForDeploymentPostprocessing = 0;
		};
		9D58FB581BD2579C00B2ACCC /* Resources */ = {
			isa = PBXResourcesBuildPhase;
			buildActionMask = 2147483647;
			files = (
			);
			runOnlyForDeploymentPostprocessing = 0;
		};
/* End PBXResourcesBuildPhase section */

/* Begin PBXSourcesBuildPhase section */
		9D58FB401BD2579C00B2ACCC /* Sources */ = {
			isa = PBXSourcesBuildPhase;
			buildActionMask = 2147483647;
			files = (
				9DEE6AA81BD277BE002FF393 /* TicketsTableViewCell.swift in Sources */,
				9D87A9951C0F09BE007A425F /* DepartTableViewController.swift in Sources */,
				9D96D0B01C060EE5006C92CF /* ArretViewController.swift in Sources */,
				9D58FB481BD2579C00B2ACCC /* AppDelegate.swift in Sources */,
				9D96D0B21C060FD8006C92CF /* ArretsTableViewCell.swift in Sources */,
				9D53F7D21C05C0B400DD8D51 /* Arrets.swift in Sources */,
				9DB667991C0F264200ED25D2 /* SwiftyJSON.swift in Sources */,
				9DEE6AAA1BD279DC002FF393 /* TicketsTableViewController.swift in Sources */,
				9DEE6AA61BD275A7002FF393 /* Tickets.swift in Sources */,
			);
			runOnlyForDeploymentPostprocessing = 0;
		};
		9D58FB561BD2579C00B2ACCC /* Sources */ = {
			isa = PBXSourcesBuildPhase;
			buildActionMask = 2147483647;
			files = (
				9D58FB5F1BD2579C00B2ACCC /* NoctambusTests.swift in Sources */,
			);
			runOnlyForDeploymentPostprocessing = 0;
		};
/* End PBXSourcesBuildPhase section */

/* Begin PBXTargetDependency section */
		9D58FB5C1BD2579C00B2ACCC /* PBXTargetDependency */ = {
			isa = PBXTargetDependency;
			target = 9D58FB431BD2579C00B2ACCC /* Noctambus */;
			targetProxy = 9D58FB5B1BD2579C00B2ACCC /* PBXContainerItemProxy */;
		};
/* End PBXTargetDependency section */

/* Begin PBXVariantGroup section */
		9D58FB4D1BD2579C00B2ACCC /* Main.storyboard */ = {
			isa = PBXVariantGroup;
			children = (
				9D58FB4E1BD2579C00B2ACCC /* Base */,
				9D53F7D31C05C46100DD8D51 /* fr-CH */,
			);
			name = Main.storyboard;
			sourceTree = "<group>";
		};
/* End PBXVariantGroup section */

/* Begin XCBuildConfiguration section */
		9D58FB611BD2579C00B2ACCC /* Debug */ = {
			isa = XCBuildConfiguration;
			buildSettings = {
				ALWAYS_SEARCH_USER_PATHS = NO;
				CLANG_CXX_LANGUAGE_STANDARD = "gnu++0x";
				CLANG_CXX_LIBRARY = "libc++";
				CLANG_ENABLE_MODULES = YES;
				CLANG_ENABLE_OBJC_ARC = YES;
				CLANG_WARN_BOOL_CONVERSION = YES;
				CLANG_WARN_CONSTANT_CONVERSION = YES;
				CLANG_WARN_DIRECT_OBJC_ISA_USAGE = YES_ERROR;
				CLANG_WARN_EMPTY_BODY = YES;
				CLANG_WARN_ENUM_CONVERSION = YES;
				CLANG_WARN_INT_CONVERSION = YES;
				CLANG_WARN_OBJC_ROOT_CLASS = YES_ERROR;
				CLANG_WARN_UNREACHABLE_CODE = YES;
				CLANG_WARN__DUPLICATE_METHOD_MATCH = YES;
				"CODE_SIGN_IDENTITY[sdk=iphoneos*]" = "iPhone Developer";
				COPY_PHASE_STRIP = NO;
				DEBUG_INFORMATION_FORMAT = dwarf;
				ENABLE_STRICT_OBJC_MSGSEND = YES;
				ENABLE_TESTABILITY = YES;
				GCC_C_LANGUAGE_STANDARD = gnu99;
				GCC_DYNAMIC_NO_PIC = NO;
				GCC_NO_COMMON_BLOCKS = YES;
				GCC_OPTIMIZATION_LEVEL = 0;
				GCC_PREPROCESSOR_DEFINITIONS = (
					"DEBUG=1",
					"$(inherited)",
				);
				GCC_WARN_64_TO_32_BIT_CONVERSION = YES;
				GCC_WARN_ABOUT_RETURN_TYPE = YES_ERROR;
				GCC_WARN_UNDECLARED_SELECTOR = YES;
				GCC_WARN_UNINITIALIZED_AUTOS = YES_AGGRESSIVE;
				GCC_WARN_UNUSED_FUNCTION = YES;
				GCC_WARN_UNUSED_VARIABLE = YES;
				IPHONEOS_DEPLOYMENT_TARGET = 9.0;
				MTL_ENABLE_DEBUG_INFO = YES;
				ONLY_ACTIVE_ARCH = YES;
				SDKROOT = iphoneos;
				SWIFT_OPTIMIZATION_LEVEL = "-Onone";
			};
			name = Debug;
		};
		9D58FB621BD2579C00B2ACCC /* Release */ = {
			isa = XCBuildConfiguration;
			buildSettings = {
				ALWAYS_SEARCH_USER_PATHS = NO;
				CLANG_CXX_LANGUAGE_STANDARD = "gnu++0x";
				CLANG_CXX_LIBRARY = "libc++";
				CLANG_ENABLE_MODULES = YES;
				CLANG_ENABLE_OBJC_ARC = YES;
				CLANG_WARN_BOOL_CONVERSION = YES;
				CLANG_WARN_CONSTANT_CONVERSION = YES;
				CLANG_WARN_DIRECT_OBJC_ISA_USAGE = YES_ERROR;
				CLANG_WARN_EMPTY_BODY = YES;
				CLANG_WARN_ENUM_CONVERSION = YES;
				CLANG_WARN_INT_CONVERSION = YES;
				CLANG_WARN_OBJC_ROOT_CLASS = YES_ERROR;
				CLANG_WARN_UNREACHABLE_CODE = YES;
				CLANG_WARN__DUPLICATE_METHOD_MATCH = YES;
				"CODE_SIGN_IDENTITY[sdk=iphoneos*]" = "iPhone Developer";
				COPY_PHASE_STRIP = NO;
				DEBUG_INFORMATION_FORMAT = "dwarf-with-dsym";
				ENABLE_NS_ASSERTIONS = NO;
				ENABLE_STRICT_OBJC_MSGSEND = YES;
				GCC_C_LANGUAGE_STANDARD = gnu99;
				GCC_NO_COMMON_BLOCKS = YES;
				GCC_WARN_64_TO_32_BIT_CONVERSION = YES;
				GCC_WARN_ABOUT_RETURN_TYPE = YES_ERROR;
				GCC_WARN_UNDECLARED_SELECTOR = YES;
				GCC_WARN_UNINITIALIZED_AUTOS = YES_AGGRESSIVE;
				GCC_WARN_UNUSED_FUNCTION = YES;
				GCC_WARN_UNUSED_VARIABLE = YES;
				IPHONEOS_DEPLOYMENT_TARGET = 9.0;
				MTL_ENABLE_DEBUG_INFO = NO;
				SDKROOT = iphoneos;
				VALIDATE_PRODUCT = YES;
			};
			name = Release;
		};
		9D58FB641BD2579C00B2ACCC /* Debug */ = {
			isa = XCBuildConfiguration;
			buildSettings = {
				ASSETCATALOG_COMPILER_APPICON_NAME = AppIcon;
				ASSETCATALOG_COMPILER_LAUNCHIMAGE_NAME = LaunchImage;
				CODE_SIGN_IDENTITY = "iPhone Developer";
				"CODE_SIGN_IDENTITY[sdk=iphoneos*]" = "iPhone Developer";
				ENABLE_BITCODE = NO;
				FRAMEWORK_SEARCH_PATHS = (
					"$(inherited)",
					"$(PROJECT_DIR)",
				);
				INFOPLIST_FILE = Noctambus/Info.plist;
				LD_RUNPATH_SEARCH_PATHS = "$(inherited) @executable_path/Frameworks";
				PRODUCT_BUNDLE_IDENTIFIER = ch.noctambus.Noctambus;
				PRODUCT_NAME = "$(TARGET_NAME)";
				PROVISIONING_PROFILE = "";
				SWIFT_OBJC_BRIDGING_HEADER = "Noctambus-Bridging-Header.h";
				TARGETED_DEVICE_FAMILY = 1;
				"TEST_HOST[sdk=*]" = "";
			};
			name = Debug;
		};
		9D58FB651BD2579C00B2ACCC /* Release */ = {
			isa = XCBuildConfiguration;
			buildSettings = {
				ASSETCATALOG_COMPILER_APPICON_NAME = AppIcon;
				ASSETCATALOG_COMPILER_LAUNCHIMAGE_NAME = LaunchImage;
				CODE_SIGN_IDENTITY = "iPhone Developer";
				"CODE_SIGN_IDENTITY[sdk=iphoneos*]" = "iPhone Developer";
				ENABLE_BITCODE = NO;
				FRAMEWORK_SEARCH_PATHS = (
					"$(inherited)",
					"$(PROJECT_DIR)",
				);
				INFOPLIST_FILE = Noctambus/Info.plist;
				LD_RUNPATH_SEARCH_PATHS = "$(inherited) @executable_path/Frameworks";
				PRODUCT_BUNDLE_IDENTIFIER = ch.noctambus.Noctambus;
				PRODUCT_NAME = "$(TARGET_NAME)";
				PROVISIONING_PROFILE = "";
				SWIFT_OBJC_BRIDGING_HEADER = "Noctambus-Bridging-Header.h";
				TARGETED_DEVICE_FAMILY = 1;
			};
			name = Release;
		};
		9D58FB671BD2579C00B2ACCC /* Debug */ = {
			isa = XCBuildConfiguration;
			buildSettings = {
				BUNDLE_LOADER = "$(TEST_HOST)";
				INFOPLIST_FILE = NoctambusTests/Info.plist;
				LD_RUNPATH_SEARCH_PATHS = "$(inherited) @executable_path/Frameworks @loader_path/Frameworks";
				PRODUCT_BUNDLE_IDENTIFIER = ch.noctambus.NoctambusTests;
				PRODUCT_NAME = "$(TARGET_NAME)";
				TEST_HOST = "$(BUILT_PRODUCTS_DIR)/Noctambus.app/Noctambus";
			};
			name = Debug;
		};
		9D58FB681BD2579C00B2ACCC /* Release */ = {
			isa = XCBuildConfiguration;
			buildSettings = {
				BUNDLE_LOADER = "$(TEST_HOST)";
				INFOPLIST_FILE = NoctambusTests/Info.plist;
				LD_RUNPATH_SEARCH_PATHS = "$(inherited) @executable_path/Frameworks @loader_path/Frameworks";
				PRODUCT_BUNDLE_IDENTIFIER = ch.noctambus.NoctambusTests;
				PRODUCT_NAME = "$(TARGET_NAME)";
				TEST_HOST = "$(BUILT_PRODUCTS_DIR)/Noctambus.app/Noctambus";
			};
			name = Release;
		};
/* End XCBuildConfiguration section */

/* Begin XCConfigurationList section */
		9D58FB3F1BD2579C00B2ACCC /* Build configuration list for PBXProject "Noctambus" */ = {
			isa = XCConfigurationList;
			buildConfigurations = (
				9D58FB611BD2579C00B2ACCC /* Debug */,
				9D58FB621BD2579C00B2ACCC /* Release */,
			);
			defaultConfigurationIsVisible = 0;
			defaultConfigurationName = Release;
		};
		9D58FB631BD2579C00B2ACCC /* Build configuration list for PBXNativeTarget "Noctambus" */ = {
			isa = XCConfigurationList;
			buildConfigurations = (
				9D58FB641BD2579C00B2ACCC /* Debug */,
				9D58FB651BD2579C00B2ACCC /* Release */,
			);
			defaultConfigurationIsVisible = 0;
			defaultConfigurationName = Release;
		};
		9D58FB661BD2579C00B2ACCC /* Build configuration list for PBXNativeTarget "NoctambusTests" */ = {
			isa = XCConfigurationList;
			buildConfigurations = (
				9D58FB671BD2579C00B2ACCC /* Debug */,
				9D58FB681BD2579C00B2ACCC /* Release */,
			);
			defaultConfigurationIsVisible = 0;
			defaultConfigurationName = Release;
		};
/* End XCConfigurationList section */
	};
	rootObject = 9D58FB3C1BD2579C00B2ACCC /* Project object */;
}
